
Microsoft Visual Studio Solution File, Format Version 12.00
# Visual Studio Version 16
VisualStudioVersion = 16.0.31112.23
MinimumVisualStudioVersion = 10.0.40219.1
Project("{FAE04EC0-301F-11D3-BF4B-00C04F79EFBC}") = "ECS_Web", "ECS_Web\ECS_Web.csproj", "{B2CD9CDF-2A78-4ED6-AD00-AA60B2A51355}"
EndProject
Global
	GlobalSection(SolutionConfigurationPlatforms) = preSolution
		Debug|Any CPU = Debug|Any CPU
		Release|Any CPU = Release|Any CPU
	EndGlobalSection
	GlobalSection(ProjectConfigurationPlatforms) = postSolution
		{B2CD9CDF-2A78-4ED6-AD00-AA60B2A51355}.Debug|Any CPU.ActiveCfg = Debug|Any CPU
		{B2CD9CDF-2A78-4ED6-AD00-AA60B2A51355}.Debug|Any CPU.Build.0 = Debug|Any CPU
		{B2CD9CDF-2A78-4ED6-AD00-AA60B2A51355}.Release|Any CPU.ActiveCfg = Release|Any CPU
		{B2CD9CDF-2A78-4ED6-AD00-AA60B2A51355}.Release|Any CPU.Build.0 = Release|Any CPU
	EndGlobalSection
	GlobalSection(SolutionProperties) = preSolution
		HideSolutionNode = FALSE
	EndGlobalSection
	GlobalSection(ExtensibilityGlobals) = postSolution
		SolutionGuid = {984DA506-AA4B-48AF-B41B-0DEEC4232031}
	EndGlobalSection
EndGlobal
